// !$*UTF8*$!
{
	archiveVersion = 1;
	classes = {
	};
	objectVersion = 50;
	objects = {

/* Begin PBXBuildFile section */
		7C73C66125D61F3E00C6314B /* AppDelegate.swift in Sources */ = {isa = PBXBuildFile; fileRef = 7C73C66025D61F3E00C6314B /* AppDelegate.swift */; };
		7C73C66325D61F3E00C6314B /* SceneDelegate.swift in Sources */ = {isa = PBXBuildFile; fileRef = 7C73C66225D61F3E00C6314B /* SceneDelegate.swift */; };
		7C73C66525D61F3E00C6314B /* ViewController.swift in Sources */ = {isa = PBXBuildFile; fileRef = 7C73C66425D61F3E00C6314B /* ViewController.swift */; };
		7C73C66825D61F3E00C6314B /* Main.storyboard in Resources */ = {isa = PBXBuildFile; fileRef = 7C73C66625D61F3E00C6314B /* Main.storyboard */; };
		7C73C66A25D61F3F00C6314B /* Assets.xcassets in Resources */ = {isa = PBXBuildFile; fileRef = 7C73C66925D61F3F00C6314B /* Assets.xcassets */; };
		7C73C66D25D61F3F00C6314B /* LaunchScreen.storyboard in Resources */ = {isa = PBXBuildFile; fileRef = 7C73C66B25D61F3F00C6314B /* LaunchScreen.storyboard */; };
		7C73C67825D629BC00C6314B /* GlobalHelperMethodss.swift in Sources */ = {isa = PBXBuildFile; fileRef = 7C73C67725D629BC00C6314B /* GlobalHelperMethodss.swift */; };
		9A0F86E125D64BFC00F70322 /* AppDelegate+RemoteNotification.swift in Sources */ = {isa = PBXBuildFile; fileRef = 9A0F86E025D64BFC00F70322 /* AppDelegate+RemoteNotification.swift */; };
		9A4295D925D6530700E822DE /* NotifcationDelegate.swift in Sources */ = {isa = PBXBuildFile; fileRef = 9A4295D825D6530700E822DE /* NotifcationDelegate.swift */; };
		9A4295EE25D696F100E822DE /* NotificationService.swift in Sources */ = {isa = PBXBuildFile; fileRef = 9A4295ED25D696F100E822DE /* NotificationService.swift */; };
		9A4295F225D696F100E822DE /* NSE.appex in Embed App Extensions */ = {isa = PBXBuildFile; fileRef = 9A4295EB25D696F100E822DE /* NSE.appex */; settings = {ATTRIBUTES = (RemoveHeadersOnCopy, ); }; };
		9A4295FD25D69EB900E822DE /* UserDefaults+Extensions.swift in Sources */ = {isa = PBXBuildFile; fileRef = 9A4295FC25D69EB900E822DE /* UserDefaults+Extensions.swift */; };
		9A42960525D6A40A00E822DE /* DataModel.xcdatamodeld in Sources */ = {isa = PBXBuildFile; fileRef = 9A42960325D6A40A00E822DE /* DataModel.xcdatamodeld */; };
		9A42960625D6A40A00E822DE /* DataModel.xcdatamodeld in Sources */ = {isa = PBXBuildFile; fileRef = 9A42960325D6A40A00E822DE /* DataModel.xcdatamodeld */; };
		9A42960B25D6A62200E822DE /* Person+CoreDataClass.swift in Sources */ = {isa = PBXBuildFile; fileRef = 9A42960925D6A62200E822DE /* Person+CoreDataClass.swift */; };
		9A42960C25D6A62200E822DE /* Person+CoreDataClass.swift in Sources */ = {isa = PBXBuildFile; fileRef = 9A42960925D6A62200E822DE /* Person+CoreDataClass.swift */; };
		9A42960D25D6A62200E822DE /* Person+CoreDataProperties.swift in Sources */ = {isa = PBXBuildFile; fileRef = 9A42960A25D6A62200E822DE /* Person+CoreDataProperties.swift */; };
		9A42960E25D6A62200E822DE /* Person+CoreDataProperties.swift in Sources */ = {isa = PBXBuildFile; fileRef = 9A42960A25D6A62200E822DE /* Person+CoreDataProperties.swift */; };
		9A42961625D6AA4C00E822DE /* Database.swift in Sources */ = {isa = PBXBuildFile; fileRef = 9A42961525D6AA4C00E822DE /* Database.swift */; };
		9A42961925D6AA4E00E822DE /* Database.swift in Sources */ = {isa = PBXBuildFile; fileRef = 9A42961525D6AA4C00E822DE /* Database.swift */; };
		9A42962325D6AF1E00E822DE /* UserNotifications.framework in Frameworks */ = {isa = PBXBuildFile; fileRef = 9A42962225D6AF1E00E822DE /* UserNotifications.framework */; };
		9A42962525D6AF1E00E822DE /* UserNotificationsUI.framework in Frameworks */ = {isa = PBXBuildFile; fileRef = 9A42962425D6AF1E00E822DE /* UserNotificationsUI.framework */; };
		9A42962825D6AF1E00E822DE /* NotificationViewController.swift in Sources */ = {isa = PBXBuildFile; fileRef = 9A42962725D6AF1E00E822DE /* NotificationViewController.swift */; };
		9A42962B25D6AF1E00E822DE /* MainInterface.storyboard in Resources */ = {isa = PBXBuildFile; fileRef = 9A42962925D6AF1E00E822DE /* MainInterface.storyboard */; };
		9A42962F25D6AF1E00E822DE /* NCE.appex in Embed App Extensions */ = {isa = PBXBuildFile; fileRef = 9A42962025D6AF1E00E822DE /* NCE.appex */; settings = {ATTRIBUTES = (RemoveHeadersOnCopy, ); }; };
		9A42964F25D6B0D500E822DE /* UserDefaults+Extensions.swift in Sources */ = {isa = PBXBuildFile; fileRef = 9A4295FC25D69EB900E822DE /* UserDefaults+Extensions.swift */; };
		9A42965425D6B11100E822DE /* NotificationConstants.swift in Sources */ = {isa = PBXBuildFile; fileRef = 9A42965325D6B11100E822DE /* NotificationConstants.swift */; };
		9A73B9DC25D6C4D40049A962 /* UNNotificationAction+Extension.swift in Sources */ = {isa = PBXBuildFile; fileRef = 9A73B9DB25D6C4D40049A962 /* UNNotificationAction+Extension.swift */; };
		9A73B9E325D6C5660049A962 /* UNNotificationAction+Extension.swift in Sources */ = {isa = PBXBuildFile; fileRef = 9A73B9DB25D6C4D40049A962 /* UNNotificationAction+Extension.swift */; };
		9A73B9E725D6C56A0049A962 /* UNNotificationAction+Extension.swift in Sources */ = {isa = PBXBuildFile; fileRef = 9A73B9DB25D6C4D40049A962 /* UNNotificationAction+Extension.swift */; };
		9A73B9EB25D6C5730049A962 /* NotificationConstants.swift in Sources */ = {isa = PBXBuildFile; fileRef = 9A42965325D6B11100E822DE /* NotificationConstants.swift */; };
		9A73B9EF25D6C5740049A962 /* NotificationConstants.swift in Sources */ = {isa = PBXBuildFile; fileRef = 9A42965325D6B11100E822DE /* NotificationConstants.swift */; };
		9A73B9F425D6C7640049A962 /* UNNotificationCategory+Extension.swift in Sources */ = {isa = PBXBuildFile; fileRef = 9A73B9F325D6C7640049A962 /* UNNotificationCategory+Extension.swift */; };
		9A73B9F825D6C84D0049A962 /* UNNotificationCategory+Extension.swift in Sources */ = {isa = PBXBuildFile; fileRef = 9A73B9F325D6C7640049A962 /* UNNotificationCategory+Extension.swift */; };
		9A73B9FC25D6C84E0049A962 /* UNNotificationCategory+Extension.swift in Sources */ = {isa = PBXBuildFile; fileRef = 9A73B9F325D6C7640049A962 /* UNNotificationCategory+Extension.swift */; };
/* End PBXBuildFile section */

/* Begin PBXContainerItemProxy section */
		9A4295F025D696F100E822DE /* PBXContainerItemProxy */ = {
			isa = PBXContainerItemProxy;
			containerPortal = 7C73C65525D61F3E00C6314B /* Project object */;
			proxyType = 1;
			remoteGlobalIDString = 9A4295EA25D696F100E822DE;
			remoteInfo = NSE;
		};
		9A42962D25D6AF1E00E822DE /* PBXContainerItemProxy */ = {
			isa = PBXContainerItemProxy;
			containerPortal = 7C73C65525D61F3E00C6314B /* Project object */;
			proxyType = 1;
			remoteGlobalIDString = 9A42961F25D6AF1E00E822DE;
			remoteInfo = NCE;
		};
/* End PBXContainerItemProxy section */

/* Begin PBXCopyFilesBuildPhase section */
		9A4295F625D696F100E822DE /* Embed App Extensions */ = {
			isa = PBXCopyFilesBuildPhase;
			buildActionMask = 2147483647;
			dstPath = "";
			dstSubfolderSpec = 13;
			files = (
				9A4295F225D696F100E822DE /* NSE.appex in Embed App Extensions */,
				9A42962F25D6AF1E00E822DE /* NCE.appex in Embed App Extensions */,
			);
			name = "Embed App Extensions";
			runOnlyForDeploymentPostprocessing = 0;
		};
/* End PBXCopyFilesBuildPhase section */

/* Begin PBXFileReference section */
		7C73C65D25D61F3E00C6314B /* PushNotification.app */ = {isa = PBXFileReference; explicitFileType = wrapper.application; includeInIndex = 0; path = PushNotification.app; sourceTree = BUILT_PRODUCTS_DIR; };
		7C73C66025D61F3E00C6314B /* AppDelegate.swift */ = {isa = PBXFileReference; lastKnownFileType = sourcecode.swift; path = AppDelegate.swift; sourceTree = "<group>"; };
		7C73C66225D61F3E00C6314B /* SceneDelegate.swift */ = {isa = PBXFileReference; lastKnownFileType = sourcecode.swift; path = SceneDelegate.swift; sourceTree = "<group>"; };
		7C73C66425D61F3E00C6314B /* ViewController.swift */ = {isa = PBXFileReference; lastKnownFileType = sourcecode.swift; path = ViewController.swift; sourceTree = "<group>"; };
		7C73C66725D61F3E00C6314B /* Base */ = {isa = PBXFileReference; lastKnownFileType = file.storyboard; name = Base; path = Base.lproj/Main.storyboard; sourceTree = "<group>"; };
		7C73C66925D61F3F00C6314B /* Assets.xcassets */ = {isa = PBXFileReference; lastKnownFileType = folder.assetcatalog; path = Assets.xcassets; sourceTree = "<group>"; };
		7C73C66C25D61F3F00C6314B /* Base */ = {isa = PBXFileReference; lastKnownFileType = file.storyboard; name = Base; path = Base.lproj/LaunchScreen.storyboard; sourceTree = "<group>"; };
		7C73C66E25D61F3F00C6314B /* Info.plist */ = {isa = PBXFileReference; lastKnownFileType = text.plist.xml; path = Info.plist; sourceTree = "<group>"; };
		7C73C67525D61FD100C6314B /* PushNotification.entitlements */ = {isa = PBXFileReference; lastKnownFileType = text.plist.entitlements; path = PushNotification.entitlements; sourceTree = "<group>"; };
		7C73C67725D629BC00C6314B /* GlobalHelperMethodss.swift */ = {isa = PBXFileReference; lastKnownFileType = sourcecode.swift; path = GlobalHelperMethodss.swift; sourceTree = "<group>"; };
		9A0F86E025D64BFC00F70322 /* AppDelegate+RemoteNotification.swift */ = {isa = PBXFileReference; lastKnownFileType = sourcecode.swift; path = "AppDelegate+RemoteNotification.swift"; sourceTree = "<group>"; };
		9A4295D825D6530700E822DE /* NotifcationDelegate.swift */ = {isa = PBXFileReference; lastKnownFileType = sourcecode.swift; path = NotifcationDelegate.swift; sourceTree = "<group>"; };
		9A4295EB25D696F100E822DE /* NSE.appex */ = {isa = PBXFileReference; explicitFileType = "wrapper.app-extension"; includeInIndex = 0; path = NSE.appex; sourceTree = BUILT_PRODUCTS_DIR; };
		9A4295ED25D696F100E822DE /* NotificationService.swift */ = {isa = PBXFileReference; lastKnownFileType = sourcecode.swift; path = NotificationService.swift; sourceTree = "<group>"; };
		9A4295EF25D696F100E822DE /* Info.plist */ = {isa = PBXFileReference; lastKnownFileType = text.plist.xml; path = Info.plist; sourceTree = "<group>"; };
		9A4295F925D69DED00E822DE /* NSE.entitlements */ = {isa = PBXFileReference; lastKnownFileType = text.plist.entitlements; path = NSE.entitlements; sourceTree = "<group>"; };
		9A4295FC25D69EB900E822DE /* UserDefaults+Extensions.swift */ = {isa = PBXFileReference; lastKnownFileType = sourcecode.swift; path = "UserDefaults+Extensions.swift"; sourceTree = "<group>"; };
		9A42960425D6A40A00E822DE /* DataModel.xcdatamodel */ = {isa = PBXFileReference; lastKnownFileType = wrapper.xcdatamodel; path = DataModel.xcdatamodel; sourceTree = "<group>"; };
		9A42960925D6A62200E822DE /* Person+CoreDataClass.swift */ = {isa = PBXFileReference; lastKnownFileType = sourcecode.swift; name = "Person+CoreDataClass.swift"; path = "PushNotification/Person+CoreDataClass.swift"; sourceTree = "<group>"; };
		9A42960A25D6A62200E822DE /* Person+CoreDataProperties.swift */ = {isa = PBXFileReference; lastKnownFileType = sourcecode.swift; name = "Person+CoreDataProperties.swift"; path = "PushNotification/Person+CoreDataProperties.swift"; sourceTree = "<group>"; };
		9A42961525D6AA4C00E822DE /* Database.swift */ = {isa = PBXFileReference; lastKnownFileType = sourcecode.swift; path = Database.swift; sourceTree = "<group>"; };
		9A42962025D6AF1E00E822DE /* NCE.appex */ = {isa = PBXFileReference; explicitFileType = "wrapper.app-extension"; includeInIndex = 0; path = NCE.appex; sourceTree = BUILT_PRODUCTS_DIR; };
		9A42962225D6AF1E00E822DE /* UserNotifications.framework */ = {isa = PBXFileReference; lastKnownFileType = wrapper.framework; name = UserNotifications.framework; path = System/Library/Frameworks/UserNotifications.framework; sourceTree = SDKROOT; };
		9A42962425D6AF1E00E822DE /* UserNotificationsUI.framework */ = {isa = PBXFileReference; lastKnownFileType = wrapper.framework; name = UserNotificationsUI.framework; path = System/Library/Frameworks/UserNotificationsUI.framework; sourceTree = SDKROOT; };
		9A42962725D6AF1E00E822DE /* NotificationViewController.swift */ = {isa = PBXFileReference; lastKnownFileType = sourcecode.swift; path = NotificationViewController.swift; sourceTree = "<group>"; };
		9A42962A25D6AF1E00E822DE /* Base */ = {isa = PBXFileReference; lastKnownFileType = file.storyboard; name = Base; path = Base.lproj/MainInterface.storyboard; sourceTree = "<group>"; };
		9A42962C25D6AF1E00E822DE /* Info.plist */ = {isa = PBXFileReference; lastKnownFileType = text.plist.xml; path = Info.plist; sourceTree = "<group>"; };
		9A42965325D6B11100E822DE /* NotificationConstants.swift */ = {isa = PBXFileReference; lastKnownFileType = sourcecode.swift; path = NotificationConstants.swift; sourceTree = "<group>"; };
		9A73B9DB25D6C4D40049A962 /* UNNotificationAction+Extension.swift */ = {isa = PBXFileReference; lastKnownFileType = sourcecode.swift; path = "UNNotificationAction+Extension.swift"; sourceTree = "<group>"; };
		9A73B9F325D6C7640049A962 /* UNNotificationCategory+Extension.swift */ = {isa = PBXFileReference; lastKnownFileType = sourcecode.swift; path = "UNNotificationCategory+Extension.swift"; sourceTree = "<group>"; };
/* End PBXFileReference section */

/* Begin PBXFrameworksBuildPhase section */
		7C73C65A25D61F3E00C6314B /* Frameworks */ = {
			isa = PBXFrameworksBuildPhase;
			buildActionMask = 2147483647;
			files = (
			);
			runOnlyForDeploymentPostprocessing = 0;
		};
		9A4295E825D696F100E822DE /* Frameworks */ = {
			isa = PBXFrameworksBuildPhase;
			buildActionMask = 2147483647;
			files = (
			);
			runOnlyForDeploymentPostprocessing = 0;
		};
		9A42961D25D6AF1E00E822DE /* Frameworks */ = {
			isa = PBXFrameworksBuildPhase;
			buildActionMask = 2147483647;
			files = (
				9A42962525D6AF1E00E822DE /* UserNotificationsUI.framework in Frameworks */,
				9A42962325D6AF1E00E822DE /* UserNotifications.framework in Frameworks */,
			);
			runOnlyForDeploymentPostprocessing = 0;
		};
/* End PBXFrameworksBuildPhase section */

/* Begin PBXGroup section */
		7C73C65425D61F3E00C6314B = {
			isa = PBXGroup;
			children = (
				9A42960925D6A62200E822DE /* Person+CoreDataClass.swift */,
				9A42960A25D6A62200E822DE /* Person+CoreDataProperties.swift */,
				7C73C65F25D61F3E00C6314B /* PushNotification */,
				9A4295EC25D696F100E822DE /* NSE */,
				9A42962625D6AF1E00E822DE /* NCE */,
				9A42962125D6AF1E00E822DE /* Frameworks */,
				7C73C65E25D61F3E00C6314B /* Products */,
			);
			sourceTree = "<group>";
		};
		7C73C65E25D61F3E00C6314B /* Products */ = {
			isa = PBXGroup;
			children = (
				7C73C65D25D61F3E00C6314B /* PushNotification.app */,
				9A4295EB25D696F100E822DE /* NSE.appex */,
				9A42962025D6AF1E00E822DE /* NCE.appex */,
			);
			name = Products;
			sourceTree = "<group>";
		};
		7C73C65F25D61F3E00C6314B /* PushNotification */ = {
			isa = PBXGroup;
			children = (
				7C73C67525D61FD100C6314B /* PushNotification.entitlements */,
				9A42964725D6B09400E822DE /* Helpers */,
				9A42963725D6B01C00E822DE /* Database */,
				9A42963625D6AFFD00E822DE /* Notification */,
				7C73C66025D61F3E00C6314B /* AppDelegate.swift */,
				9A42961525D6AA4C00E822DE /* Database.swift */,
				7C73C66225D61F3E00C6314B /* SceneDelegate.swift */,
				7C73C66425D61F3E00C6314B /* ViewController.swift */,
				7C73C66625D61F3E00C6314B /* Main.storyboard */,
				7C73C66925D61F3F00C6314B /* Assets.xcassets */,
				7C73C66B25D61F3F00C6314B /* LaunchScreen.storyboard */,
				7C73C66E25D61F3F00C6314B /* Info.plist */,
			);
			path = PushNotification;
			sourceTree = "<group>";
		};
		9A4295EC25D696F100E822DE /* NSE */ = {
			isa = PBXGroup;
			children = (
				9A4295F925D69DED00E822DE /* NSE.entitlements */,
				9A4295ED25D696F100E822DE /* NotificationService.swift */,
				9A4295EF25D696F100E822DE /* Info.plist */,
			);
			path = NSE;
			sourceTree = "<group>";
		};
		9A42962125D6AF1E00E822DE /* Frameworks */ = {
			isa = PBXGroup;
			children = (
				9A42962225D6AF1E00E822DE /* UserNotifications.framework */,
				9A42962425D6AF1E00E822DE /* UserNotificationsUI.framework */,
			);
			name = Frameworks;
			sourceTree = "<group>";
		};
		9A42962625D6AF1E00E822DE /* NCE */ = {
			isa = PBXGroup;
			children = (
				9A42962725D6AF1E00E822DE /* NotificationViewController.swift */,
				9A42962925D6AF1E00E822DE /* MainInterface.storyboard */,
				9A42962C25D6AF1E00E822DE /* Info.plist */,
			);
			path = NCE;
			sourceTree = "<group>";
		};
		9A42963625D6AFFD00E822DE /* Notification */ = {
			isa = PBXGroup;
			children = (
				9A42965325D6B11100E822DE /* NotificationConstants.swift */,
				9A73B9DB25D6C4D40049A962 /* UNNotificationAction+Extension.swift */,
				9A73B9F325D6C7640049A962 /* UNNotificationCategory+Extension.swift */,
				9A0F86E025D64BFC00F70322 /* AppDelegate+RemoteNotification.swift */,
				9A4295D825D6530700E822DE /* NotifcationDelegate.swift */,
			);
			path = Notification;
			sourceTree = "<group>";
		};
		9A42963725D6B01C00E822DE /* Database */ = {
			isa = PBXGroup;
			children = (
				9A42960325D6A40A00E822DE /* DataModel.xcdatamodeld */,
			);
			path = Database;
			sourceTree = "<group>";
		};
		9A42964725D6B09400E822DE /* Helpers */ = {
			isa = PBXGroup;
			children = (
				7C73C67725D629BC00C6314B /* GlobalHelperMethodss.swift */,
				9A42964B25D6B0B500E822DE /* Extensions */,
			);
			path = Helpers;
			sourceTree = "<group>";
		};
		9A42964B25D6B0B500E822DE /* Extensions */ = {
			isa = PBXGroup;
			children = (
				9A4295FC25D69EB900E822DE /* UserDefaults+Extensions.swift */,
			);
			path = Extensions;
			sourceTree = "<group>";
		};
/* End PBXGroup section */

/* Begin PBXNativeTarget section */
		7C73C65C25D61F3E00C6314B /* PushNotification */ = {
			isa = PBXNativeTarget;
			buildConfigurationList = 7C73C67125D61F3F00C6314B /* Build configuration list for PBXNativeTarget "PushNotification" */;
			buildPhases = (
				7C73C65925D61F3E00C6314B /* Sources */,
				7C73C65A25D61F3E00C6314B /* Frameworks */,
				7C73C65B25D61F3E00C6314B /* Resources */,
				9A4295F625D696F100E822DE /* Embed App Extensions */,
			);
			buildRules = (
			);
			dependencies = (
				9A4295F125D696F100E822DE /* PBXTargetDependency */,
				9A42962E25D6AF1E00E822DE /* PBXTargetDependency */,
			);
			name = PushNotification;
			productName = PushNotification;
			productReference = 7C73C65D25D61F3E00C6314B /* PushNotification.app */;
			productType = "com.apple.product-type.application";
		};
		9A4295EA25D696F100E822DE /* NSE */ = {
			isa = PBXNativeTarget;
			buildConfigurationList = 9A4295F325D696F100E822DE /* Build configuration list for PBXNativeTarget "NSE" */;
			buildPhases = (
				9A4295E725D696F100E822DE /* Sources */,
				9A4295E825D696F100E822DE /* Frameworks */,
				9A4295E925D696F100E822DE /* Resources */,
			);
			buildRules = (
			);
			dependencies = (
			);
			name = NSE;
			productName = NSE;
			productReference = 9A4295EB25D696F100E822DE /* NSE.appex */;
			productType = "com.apple.product-type.app-extension";
		};
		9A42961F25D6AF1E00E822DE /* NCE */ = {
			isa = PBXNativeTarget;
			buildConfigurationList = 9A42963025D6AF1E00E822DE /* Build configuration list for PBXNativeTarget "NCE" */;
			buildPhases = (
				9A42961C25D6AF1E00E822DE /* Sources */,
				9A42961D25D6AF1E00E822DE /* Frameworks */,
				9A42961E25D6AF1E00E822DE /* Resources */,
			);
			buildRules = (
			);
			dependencies = (
			);
			name = NCE;
			productName = NCE;
			productReference = 9A42962025D6AF1E00E822DE /* NCE.appex */;
			productType = "com.apple.product-type.app-extension";
		};
/* End PBXNativeTarget section */

/* Begin PBXProject section */
		7C73C65525D61F3E00C6314B /* Project object */ = {
			isa = PBXProject;
			attributes = {
				LastSwiftUpdateCheck = 1230;
				LastUpgradeCheck = 1230;
				TargetAttributes = {
					7C73C65C25D61F3E00C6314B = {
						CreatedOnToolsVersion = 12.3;
					};
					9A4295EA25D696F100E822DE = {
						CreatedOnToolsVersion = 12.3;
					};
					9A42961F25D6AF1E00E822DE = {
						CreatedOnToolsVersion = 12.3;
					};
				};
			};
			buildConfigurationList = 7C73C65825D61F3E00C6314B /* Build configuration list for PBXProject "PushNotification" */;
			compatibilityVersion = "Xcode 9.3";
			developmentRegion = en;
			hasScannedForEncodings = 0;
			knownRegions = (
				en,
				Base,
			);
			mainGroup = 7C73C65425D61F3E00C6314B;
			productRefGroup = 7C73C65E25D61F3E00C6314B /* Products */;
			projectDirPath = "";
			projectRoot = "";
			targets = (
				7C73C65C25D61F3E00C6314B /* PushNotification */,
				9A4295EA25D696F100E822DE /* NSE */,
				9A42961F25D6AF1E00E822DE /* NCE */,
			);
		};
/* End PBXProject section */

/* Begin PBXResourcesBuildPhase section */
		7C73C65B25D61F3E00C6314B /* Resources */ = {
			isa = PBXResourcesBuildPhase;
			buildActionMask = 2147483647;
			files = (
				7C73C66D25D61F3F00C6314B /* LaunchScreen.storyboard in Resources */,
				7C73C66A25D61F3F00C6314B /* Assets.xcassets in Resources */,
				7C73C66825D61F3E00C6314B /* Main.storyboard in Resources */,
			);
			runOnlyForDeploymentPostprocessing = 0;
		};
		9A4295E925D696F100E822DE /* Resources */ = {
			isa = PBXResourcesBuildPhase;
			buildActionMask = 2147483647;
			files = (
			);
			runOnlyForDeploymentPostprocessing = 0;
		};
		9A42961E25D6AF1E00E822DE /* Resources */ = {
			isa = PBXResourcesBuildPhase;
			buildActionMask = 2147483647;
			files = (
				9A42962B25D6AF1E00E822DE /* MainInterface.storyboard in Resources */,
			);
			runOnlyForDeploymentPostprocessing = 0;
		};
/* End PBXResourcesBuildPhase section */

/* Begin PBXSourcesBuildPhase section */
		7C73C65925D61F3E00C6314B /* Sources */ = {
			isa = PBXSourcesBuildPhase;
			buildActionMask = 2147483647;
			files = (
				7C73C66525D61F3E00C6314B /* ViewController.swift in Sources */,
				9A42961625D6AA4C00E822DE /* Database.swift in Sources */,
				7C73C67825D629BC00C6314B /* GlobalHelperMethodss.swift in Sources */,
				9A42965425D6B11100E822DE /* NotificationConstants.swift in Sources */,
				7C73C66125D61F3E00C6314B /* AppDelegate.swift in Sources */,
				9A42960525D6A40A00E822DE /* DataModel.xcdatamodeld in Sources */,
				9A73B9DC25D6C4D40049A962 /* UNNotificationAction+Extension.swift in Sources */,
				9A73B9F425D6C7640049A962 /* UNNotificationCategory+Extension.swift in Sources */,
				9A0F86E125D64BFC00F70322 /* AppDelegate+RemoteNotification.swift in Sources */,
				9A42960B25D6A62200E822DE /* Person+CoreDataClass.swift in Sources */,
				9A42960D25D6A62200E822DE /* Person+CoreDataProperties.swift in Sources */,
				9A4295FD25D69EB900E822DE /* UserDefaults+Extensions.swift in Sources */,
				7C73C66325D61F3E00C6314B /* SceneDelegate.swift in Sources */,
				9A4295D925D6530700E822DE /* NotifcationDelegate.swift in Sources */,
			);
			runOnlyForDeploymentPostprocessing = 0;
		};
		9A4295E725D696F100E822DE /* Sources */ = {
			isa = PBXSourcesBuildPhase;
			buildActionMask = 2147483647;
			files = (
				9A42961925D6AA4E00E822DE /* Database.swift in Sources */,
				9A42960C25D6A62200E822DE /* Person+CoreDataClass.swift in Sources */,
				9A73B9EB25D6C5730049A962 /* NotificationConstants.swift in Sources */,
				9A42960E25D6A62200E822DE /* Person+CoreDataProperties.swift in Sources */,
				9A73B9E725D6C56A0049A962 /* UNNotificationAction+Extension.swift in Sources */,
				9A73B9F825D6C84D0049A962 /* UNNotificationCategory+Extension.swift in Sources */,
				9A4295EE25D696F100E822DE /* NotificationService.swift in Sources */,
				9A42964F25D6B0D500E822DE /* UserDefaults+Extensions.swift in Sources */,
				9A42960625D6A40A00E822DE /* DataModel.xcdatamodeld in Sources */,
			);
			runOnlyForDeploymentPostprocessing = 0;
		};
		9A42961C25D6AF1E00E822DE /* Sources */ = {
			isa = PBXSourcesBuildPhase;
			buildActionMask = 2147483647;
			files = (
				9A73B9EF25D6C5740049A962 /* NotificationConstants.swift in Sources */,
				9A73B9FC25D6C84E0049A962 /* UNNotificationCategory+Extension.swift in Sources */,
				9A42962825D6AF1E00E822DE /* NotificationViewController.swift in Sources */,
				9A73B9E325D6C5660049A962 /* UNNotificationAction+Extension.swift in Sources */,
			);
			runOnlyForDeploymentPostprocessing = 0;
		};
/* End PBXSourcesBuildPhase section */

/* Begin PBXTargetDependency section */
		9A4295F125D696F100E822DE /* PBXTargetDependency */ = {
			isa = PBXTargetDependency;
			target = 9A4295EA25D696F100E822DE /* NSE */;
			targetProxy = 9A4295F025D696F100E822DE /* PBXContainerItemProxy */;
		};
		9A42962E25D6AF1E00E822DE /* PBXTargetDependency */ = {
			isa = PBXTargetDependency;
			target = 9A42961F25D6AF1E00E822DE /* NCE */;
			targetProxy = 9A42962D25D6AF1E00E822DE /* PBXContainerItemProxy */;
		};
/* End PBXTargetDependency section */

/* Begin PBXVariantGroup section */
		7C73C66625D61F3E00C6314B /* Main.storyboard */ = {
			isa = PBXVariantGroup;
			children = (
				7C73C66725D61F3E00C6314B /* Base */,
			);
			name = Main.storyboard;
			sourceTree = "<group>";
		};
		7C73C66B25D61F3F00C6314B /* LaunchScreen.storyboard */ = {
			isa = PBXVariantGroup;
			children = (
				7C73C66C25D61F3F00C6314B /* Base */,
			);
			name = LaunchScreen.storyboard;
			sourceTree = "<group>";
		};
		9A42962925D6AF1E00E822DE /* MainInterface.storyboard */ = {
			isa = PBXVariantGroup;
			children = (
				9A42962A25D6AF1E00E822DE /* Base */,
			);
			name = MainInterface.storyboard;
			sourceTree = "<group>";
		};
/* End PBXVariantGroup section */

/* Begin XCBuildConfiguration section */
		7C73C66F25D61F3F00C6314B /* Debug */ = {
			isa = XCBuildConfiguration;
			buildSettings = {
				ALWAYS_SEARCH_USER_PATHS = NO;
				CLANG_ANALYZER_NONNULL = YES;
				CLANG_ANALYZER_NUMBER_OBJECT_CONVERSION = YES_AGGRESSIVE;
				CLANG_CXX_LANGUAGE_STANDARD = "gnu++14";
				CLANG_CXX_LIBRARY = "libc++";
				CLANG_ENABLE_MODULES = YES;
				CLANG_ENABLE_OBJC_ARC = YES;
				CLANG_ENABLE_OBJC_WEAK = YES;
				CLANG_WARN_BLOCK_CAPTURE_AUTORELEASING = YES;
				CLANG_WARN_BOOL_CONVERSION = YES;
				CLANG_WARN_COMMA = YES;
				CLANG_WARN_CONSTANT_CONVERSION = YES;
				CLANG_WARN_DEPRECATED_OBJC_IMPLEMENTATIONS = YES;
				CLANG_WARN_DIRECT_OBJC_ISA_USAGE = YES_ERROR;
				CLANG_WARN_DOCUMENTATION_COMMENTS = YES;
				CLANG_WARN_EMPTY_BODY = YES;
				CLANG_WARN_ENUM_CONVERSION = YES;
				CLANG_WARN_INFINITE_RECURSION = YES;
				CLANG_WARN_INT_CONVERSION = YES;
				CLANG_WARN_NON_LITERAL_NULL_CONVERSION = YES;
				CLANG_WARN_OBJC_IMPLICIT_RETAIN_SELF = YES;
				CLANG_WARN_OBJC_LITERAL_CONVERSION = YES;
				CLANG_WARN_OBJC_ROOT_CLASS = YES_ERROR;
				CLANG_WARN_QUOTED_INCLUDE_IN_FRAMEWORK_HEADER = YES;
				CLANG_WARN_RANGE_LOOP_ANALYSIS = YES;
				CLANG_WARN_STRICT_PROTOTYPES = YES;
				CLANG_WARN_SUSPICIOUS_MOVE = YES;
				CLANG_WARN_UNGUARDED_AVAILABILITY = YES_AGGRESSIVE;
				CLANG_WARN_UNREACHABLE_CODE = YES;
				CLANG_WARN__DUPLICATE_METHOD_MATCH = YES;
				COPY_PHASE_STRIP = NO;
				DEBUG_INFORMATION_FORMAT = dwarf;
				ENABLE_STRICT_OBJC_MSGSEND = YES;
				ENABLE_TESTABILITY = YES;
				GCC_C_LANGUAGE_STANDARD = gnu11;
				GCC_DYNAMIC_NO_PIC = NO;
				GCC_NO_COMMON_BLOCKS = YES;
				GCC_OPTIMIZATION_LEVEL = 0;
				GCC_PREPROCESSOR_DEFINITIONS = (
					"DEBUG=1",
					"$(inherited)",
				);
				GCC_WARN_64_TO_32_BIT_CONVERSION = YES;
				GCC_WARN_ABOUT_RETURN_TYPE = YES_ERROR;
				GCC_WARN_UNDECLARED_SELECTOR = YES;
				GCC_WARN_UNINITIALIZED_AUTOS = YES_AGGRESSIVE;
				GCC_WARN_UNUSED_FUNCTION = YES;
				GCC_WARN_UNUSED_VARIABLE = YES;
				IPHONEOS_DEPLOYMENT_TARGET = 14.3;
				MTL_ENABLE_DEBUG_INFO = INCLUDE_SOURCE;
				MTL_FAST_MATH = YES;
				ONLY_ACTIVE_ARCH = YES;
				SDKROOT = iphoneos;
				SWIFT_ACTIVE_COMPILATION_CONDITIONS = DEBUG;
				SWIFT_OPTIMIZATION_LEVEL = "-Onone";
			};
			name = Debug;
		};
		7C73C67025D61F3F00C6314B /* Release */ = {
			isa = XCBuildConfiguration;
			buildSettings = {
				ALWAYS_SEARCH_USER_PATHS = NO;
				CLANG_ANALYZER_NONNULL = YES;
				CLANG_ANALYZER_NUMBER_OBJECT_CONVERSION = YES_AGGRESSIVE;
				CLANG_CXX_LANGUAGE_STANDARD = "gnu++14";
				CLANG_CXX_LIBRARY = "libc++";
				CLANG_ENABLE_MODULES = YES;
				CLANG_ENABLE_OBJC_ARC = YES;
				CLANG_ENABLE_OBJC_WEAK = YES;
				CLANG_WARN_BLOCK_CAPTURE_AUTORELEASING = YES;
				CLANG_WARN_BOOL_CONVERSION = YES;
				CLANG_WARN_COMMA = YES;
				CLANG_WARN_CONSTANT_CONVERSION = YES;
				CLANG_WARN_DEPRECATED_OBJC_IMPLEMENTATIONS = YES;
				CLANG_WARN_DIRECT_OBJC_ISA_USAGE = YES_ERROR;
				CLANG_WARN_DOCUMENTATION_COMMENTS = YES;
				CLANG_WARN_EMPTY_BODY = YES;
				CLANG_WARN_ENUM_CONVERSION = YES;
				CLANG_WARN_INFINITE_RECURSION = YES;
				CLANG_WARN_INT_CONVERSION = YES;
				CLANG_WARN_NON_LITERAL_NULL_CONVERSION = YES;
				CLANG_WARN_OBJC_IMPLICIT_RETAIN_SELF = YES;
				CLANG_WARN_OBJC_LITERAL_CONVERSION = YES;
				CLANG_WARN_OBJC_ROOT_CLASS = YES_ERROR;
				CLANG_WARN_QUOTED_INCLUDE_IN_FRAMEWORK_HEADER = YES;
				CLANG_WARN_RANGE_LOOP_ANALYSIS = YES;
				CLANG_WARN_STRICT_PROTOTYPES = YES;
				CLANG_WARN_SUSPICIOUS_MOVE = YES;
				CLANG_WARN_UNGUARDED_AVAILABILITY = YES_AGGRESSIVE;
				CLANG_WARN_UNREACHABLE_CODE = YES;
				CLANG_WARN__DUPLICATE_METHOD_MATCH = YES;
				COPY_PHASE_STRIP = NO;
				DEBUG_INFORMATION_FORMAT = "dwarf-with-dsym";
				ENABLE_NS_ASSERTIONS = NO;
				ENABLE_STRICT_OBJC_MSGSEND = YES;
				GCC_C_LANGUAGE_STANDARD = gnu11;
				GCC_NO_COMMON_BLOCKS = YES;
				GCC_WARN_64_TO_32_BIT_CONVERSION = YES;
				GCC_WARN_ABOUT_RETURN_TYPE = YES_ERROR;
				GCC_WARN_UNDECLARED_SELECTOR = YES;
				GCC_WARN_UNINITIALIZED_AUTOS = YES_AGGRESSIVE;
				GCC_WARN_UNUSED_FUNCTION = YES;
				GCC_WARN_UNUSED_VARIABLE = YES;
				IPHONEOS_DEPLOYMENT_TARGET = 14.3;
				MTL_ENABLE_DEBUG_INFO = NO;
				MTL_FAST_MATH = YES;
				SDKROOT = iphoneos;
				SWIFT_COMPILATION_MODE = wholemodule;
				SWIFT_OPTIMIZATION_LEVEL = "-O";
				VALIDATE_PRODUCT = YES;
			};
			name = Release;
		};
		7C73C67225D61F3F00C6314B /* Debug */ = {
			isa = XCBuildConfiguration;
			buildSettings = {
				ALWAYS_EMBED_SWIFT_STANDARD_LIBRARIES = YES;
				ASSETCATALOG_COMPILER_APPICON_NAME = AppIcon;
				ASSETCATALOG_COMPILER_GLOBAL_ACCENT_COLOR_NAME = AccentColor;
				CODE_SIGN_ENTITLEMENTS = PushNotification/PushNotification.entitlements;
				CODE_SIGN_STYLE = Automatic;
				DEVELOPMENT_TEAM = Y6Z7NGPDLA;
				INFOPLIST_FILE = PushNotification/Info.plist;
				LD_RUNPATH_SEARCH_PATHS = (
					"$(inherited)",
					"@executable_path/Frameworks",
				);
				PRODUCT_BUNDLE_IDENTIFIER = com.tigeritfoundation.PushNotification;
				PRODUCT_NAME = "$(TARGET_NAME)";
				SWIFT_VERSION = 5.0;
				TARGETED_DEVICE_FAMILY = "1,2";
			};
			name = Debug;
		};
		7C73C67325D61F3F00C6314B /* Release */ = {
			isa = XCBuildConfiguration;
			buildSettings = {
				ALWAYS_EMBED_SWIFT_STANDARD_LIBRARIES = YES;
				ASSETCATALOG_COMPILER_APPICON_NAME = AppIcon;
				ASSETCATALOG_COMPILER_GLOBAL_ACCENT_COLOR_NAME = AccentColor;
				CODE_SIGN_ENTITLEMENTS = PushNotification/PushNotification.entitlements;
				CODE_SIGN_STYLE = Automatic;
				DEVELOPMENT_TEAM = Y6Z7NGPDLA;
				INFOPLIST_FILE = PushNotification/Info.plist;
				LD_RUNPATH_SEARCH_PATHS = (
					"$(inherited)",
					"@executable_path/Frameworks",
				);
				PRODUCT_BUNDLE_IDENTIFIER = com.tigeritfoundation.PushNotification;
				PRODUCT_NAME = "$(TARGET_NAME)";
				SWIFT_VERSION = 5.0;
				TARGETED_DEVICE_FAMILY = "1,2";
			};
			name = Release;
		};
		9A4295F425D696F100E822DE /* Debug */ = {
			isa = XCBuildConfiguration;
			buildSettings = {
				CODE_SIGN_ENTITLEMENTS = NSE/NSE.entitlements;
				CODE_SIGN_STYLE = Automatic;
				DEVELOPMENT_TEAM = Y6Z7NGPDLA;
				INFOPLIST_FILE = NSE/Info.plist;
				LD_RUNPATH_SEARCH_PATHS = (
					"$(inherited)",
					"@executable_path/Frameworks",
					"@executable_path/../../Frameworks",
				);
				PRODUCT_BUNDLE_IDENTIFIER = com.tigeritfoundation.PushNotification.NSE;
				PRODUCT_NAME = "$(TARGET_NAME)";
				SKIP_INSTALL = YES;
				SWIFT_VERSION = 5.0;
				TARGETED_DEVICE_FAMILY = "1,2";
			};
			name = Debug;
		};
		9A4295F525D696F100E822DE /* Release */ = {
			isa = XCBuildConfiguration;
			buildSettings = {
				CODE_SIGN_ENTITLEMENTS = NSE/NSE.entitlements;
				CODE_SIGN_STYLE = Automatic;
				DEVELOPMENT_TEAM = Y6Z7NGPDLA;
				INFOPLIST_FILE = NSE/Info.plist;
				LD_RUNPATH_SEARCH_PATHS = (
					"$(inherited)",
					"@executable_path/Frameworks",
					"@executable_path/../../Frameworks",
				);
				PRODUCT_BUNDLE_IDENTIFIER = com.tigeritfoundation.PushNotification.NSE;
				PRODUCT_NAME = "$(TARGET_NAME)";
				SKIP_INSTALL = YES;
				SWIFT_VERSION = 5.0;
				TARGETED_DEVICE_FAMILY = "1,2";
			};
			name = Release;
		};
		9A42963125D6AF1E00E822DE /* Debug */ = {
			isa = XCBuildConfiguration;
			buildSettings = {
				CODE_SIGN_STYLE = Automatic;
				DEVELOPMENT_TEAM = Y6Z7NGPDLA;
				INFOPLIST_FILE = NCE/Info.plist;
				LD_RUNPATH_SEARCH_PATHS = (
					"$(inherited)",
					"@executable_path/Frameworks",
					"@executable_path/../../Frameworks",
				);
				PRODUCT_BUNDLE_IDENTIFIER = com.tigeritfoundation.PushNotification.NCE;
				PRODUCT_NAME = "$(TARGET_NAME)";
				SKIP_INSTALL = YES;
				SWIFT_VERSION = 5.0;
				TARGETED_DEVICE_FAMILY = "1,2";
			};
			name = Debug;
		};
		9A42963225D6AF1E00E822DE /* Release */ = {
			isa = XCBuildConfiguration;
			buildSettings = {
				CODE_SIGN_STYLE = Automatic;
				DEVELOPMENT_TEAM = Y6Z7NGPDLA;
				INFOPLIST_FILE = NCE/Info.plist;
				LD_RUNPATH_SEARCH_PATHS = (
					"$(inherited)",
					"@executable_path/Frameworks",
					"@executable_path/../../Frameworks",
				);
				PRODUCT_BUNDLE_IDENTIFIER = com.tigeritfoundation.PushNotification.NCE;
				PRODUCT_NAME = "$(TARGET_NAME)";
				SKIP_INSTALL = YES;
				SWIFT_VERSION = 5.0;
				TARGETED_DEVICE_FAMILY = "1,2";
			};
			name = Release;
		};
/* End XCBuildConfiguration section */

/* Begin XCConfigurationList section */
		7C73C65825D61F3E00C6314B /* Build configuration list for PBXProject "PushNotification" */ = {
			isa = XCConfigurationList;
			buildConfigurations = (
				7C73C66F25D61F3F00C6314B /* Debug */,
				7C73C67025D61F3F00C6314B /* Release */,
			);
			defaultConfigurationIsVisible = 0;
			defaultConfigurationName = Release;
		};
		7C73C67125D61F3F00C6314B /* Build configuration list for PBXNativeTarget "PushNotification" */ = {
			isa = XCConfigurationList;
			buildConfigurations = (
				7C73C67225D61F3F00C6314B /* Debug */,
				7C73C67325D61F3F00C6314B /* Release */,
			);
			defaultConfigurationIsVisible = 0;
			defaultConfigurationName = Release;
		};
		9A4295F325D696F100E822DE /* Build configuration list for PBXNativeTarget "NSE" */ = {
			isa = XCConfigurationList;
			buildConfigurations = (
				9A4295F425D696F100E822DE /* Debug */,
				9A4295F525D696F100E822DE /* Release */,
			);
			defaultConfigurationIsVisible = 0;
			defaultConfigurationName = Release;
		};
		9A42963025D6AF1E00E822DE /* Build configuration list for PBXNativeTarget "NCE" */ = {
			isa = XCConfigurationList;
			buildConfigurations = (
				9A42963125D6AF1E00E822DE /* Debug */,
				9A42963225D6AF1E00E822DE /* Release */,
			);
			defaultConfigurationIsVisible = 0;
			defaultConfigurationName = Release;
		};
/* End XCConfigurationList section */

/* Begin XCVersionGroup section */
		9A42960325D6A40A00E822DE /* DataModel.xcdatamodeld */ = {
			isa = XCVersionGroup;
			children = (
				9A42960425D6A40A00E822DE /* DataModel.xcdatamodel */,
			);
			currentVersion = 9A42960425D6A40A00E822DE /* DataModel.xcdatamodel */;
			path = DataModel.xcdatamodeld;
			sourceTree = "<group>";
			versionGroupType = wrapper.xcdatamodel;
		};
/* End XCVersionGroup section */
	};
	rootObject = 7C73C65525D61F3E00C6314B /* Project object */;
}
